
Microsoft Visual Studio Solution File, Format Version 12.00
# Visual Studio Version 17
VisualStudioVersion = 17.14.36203.30 d17.14
MinimumVisualStudioVersion = 10.0.40219.1
Project("{FAE04EC0-301F-11D3-BF4B-00C04F79EFBC}") = "IssueTrackerAPI", "IssueTrackerAPI.csproj", "{3F57107A-1A2B-D25F-FC44-31D84A1D3551}"
EndProject
Global
	GlobalSection(SolutionConfigurationPlatforms) = preSolution
		Debug|Any CPU = Debug|Any CPU
		Release|Any CPU = Release|Any CPU
	EndGlobalSection
	GlobalSection(ProjectConfigurationPlatforms) = postSolution
		{3F57107A-1A2B-D25F-FC44-31D84A1D3551}.Debug|Any CPU.ActiveCfg = Debug|Any CPU
		{3F57107A-1A2B-D25F-FC44-31D84A1D3551}.Debug|Any CPU.Build.0 = Debug|Any CPU
		{3F57107A-1A2B-D25F-FC44-31D84A1D3551}.Release|Any CPU.ActiveCfg = Release|Any CPU
		{3F57107A-1A2B-D25F-FC44-31D84A1D3551}.Release|Any CPU.Build.0 = Release|Any CPU
	EndGlobalSection
	GlobalSection(SolutionProperties) = preSolution
		HideSolutionNode = FALSE
	EndGlobalSection
	GlobalSection(ExtensibilityGlobals) = postSolution
		SolutionGuid = {F5B4E625-0340-404F-BE66-F8D293A843FB}
	EndGlobalSection
EndGlobal
